
Microsoft Visual Studio Solution File, Format Version 12.00
# Visual Studio Version 16
VisualStudioVersion = 16.0.31624.102
MinimumVisualStudioVersion = 10.0.40219.1
Project("{FAE04EC0-301F-11D3-BF4B-00C04F79EFBC}") = "Food waste .NET", "Food waste .NET.csproj", "{A043803A-4C81-44F7-9C81-B0C1902F8211}"
EndProject
Global
	GlobalSection(SolutionConfigurationPlatforms) = preSolution
		Debug|Any CPU = Debug|Any CPU
		Release|Any CPU = Release|Any CPU
	EndGlobalSection
	GlobalSection(ProjectConfigurationPlatforms) = postSolution
		{A043803A-4C81-44F7-9C81-B0C1902F8211}.Debug|Any CPU.ActiveCfg = Debug|Any CPU
		{A043803A-4C81-44F7-9C81-B0C1902F8211}.Debug|Any CPU.Build.0 = Debug|Any CPU
		{A043803A-4C81-44F7-9C81-B0C1902F8211}.Release|Any CPU.ActiveCfg = Release|Any CPU
		{A043803A-4C81-44F7-9C81-B0C1902F8211}.Release|Any CPU.Build.0 = Release|Any CPU
	EndGlobalSection
	GlobalSection(SolutionProperties) = preSolution
		HideSolutionNode = FALSE
	EndGlobalSection
	GlobalSection(ExtensibilityGlobals) = postSolution
		SolutionGuid = {0A14D015-B78D-4829-9632-D4E068D7153A}
	EndGlobalSection
EndGlobal
